
Microsoft Visual Studio Solution File, Format Version 12.00
# Visual Studio Version 17
VisualStudioVersion = 17.0.31611.283
MinimumVisualStudioVersion = 10.0.40219.1
Project("{9A19103F-16F7-4668-BE54-9A1E7A4F7556}") = "Visitz", "Visitz\Visitz.csproj", "{89073B36-6584-4184-AB37-218F0FFF9F99}"
	ProjectSection(ProjectDependencies) = postProject
		{EDF6DBB1-AE6B-4343-9C73-28D93BBA70D4} = {EDF6DBB1-AE6B-4343-9C73-28D93BBA70D4}
	EndProjectSection
EndProject
Project("{9A19103F-16F7-4668-BE54-9A1E7A4F7556}") = "VisitzApi", "VisitzApi\VisitzApi.csproj", "{EDF6DBB1-AE6B-4343-9C73-28D93BBA70D4}"
EndProject
Project("{9A19103F-16F7-4668-BE54-9A1E7A4F7556}") = "VisitzApiTest", "VisitzApiTest\VisitzApiTest.csproj", "{91EBA7F1-373C-40B8-A10A-B85DF0FDE8B8}"
EndProject
Project("{9A19103F-16F7-4668-BE54-9A1E7A4F7556}") = "VisitzModel", "VisitzModel\VisitzModel.csproj", "{30EC535F-2E2D-4E2A-9644-7667F003A607}"
EndProject
Project("{9A19103F-16F7-4668-BE54-9A1E7A4F7556}") = "VisitzModelTest", "VisitzModelTest\VisitzModelTest.csproj", "{14CDB4E0-68DE-41AC-BE70-8B894119A3E6}"
EndProject
Project("{9A19103F-16F7-4668-BE54-9A1E7A4F7556}") = "Oidc", "Oidc\Oidc.csproj", "{C58FA92B-6EAE-4BE9-9044-626A2513CCBE}"
EndProject
Project("{FAE04EC0-301F-11D3-BF4B-00C04F79EFBC}") = "OidcTest", "OidcTest\OidcTest.csproj", "{048C78A9-4700-47F0-910D-0A21C3A2963D}"
EndProject
Global
	GlobalSection(SolutionConfigurationPlatforms) = preSolution
		Debug|Any CPU = Debug|Any CPU
		Release|Any CPU = Release|Any CPU
	EndGlobalSection
	GlobalSection(ProjectConfigurationPlatforms) = postSolution
		{89073B36-6584-4184-AB37-218F0FFF9F99}.Debug|Any CPU.ActiveCfg = Debug|Any CPU
		{89073B36-6584-4184-AB37-218F0FFF9F99}.Debug|Any CPU.Build.0 = Debug|Any CPU
		{89073B36-6584-4184-AB37-218F0FFF9F99}.Debug|Any CPU.Deploy.0 = Debug|Any CPU
		{89073B36-6584-4184-AB37-218F0FFF9F99}.Release|Any CPU.ActiveCfg = Release|Any CPU
		{89073B36-6584-4184-AB37-218F0FFF9F99}.Release|Any CPU.Build.0 = Release|Any CPU
		{89073B36-6584-4184-AB37-218F0FFF9F99}.Release|Any CPU.Deploy.0 = Release|Any CPU
		{EDF6DBB1-AE6B-4343-9C73-28D93BBA70D4}.Debug|Any CPU.ActiveCfg = Debug|Any CPU
		{EDF6DBB1-AE6B-4343-9C73-28D93BBA70D4}.Debug|Any CPU.Build.0 = Debug|Any CPU
		{EDF6DBB1-AE6B-4343-9C73-28D93BBA70D4}.Release|Any CPU.ActiveCfg = Release|Any CPU
		{EDF6DBB1-AE6B-4343-9C73-28D93BBA70D4}.Release|Any CPU.Build.0 = Release|Any CPU
		{91EBA7F1-373C-40B8-A10A-B85DF0FDE8B8}.Debug|Any CPU.ActiveCfg = Debug|Any CPU
		{91EBA7F1-373C-40B8-A10A-B85DF0FDE8B8}.Debug|Any CPU.Build.0 = Debug|Any CPU
		{91EBA7F1-373C-40B8-A10A-B85DF0FDE8B8}.Release|Any CPU.ActiveCfg = Release|Any CPU
		{91EBA7F1-373C-40B8-A10A-B85DF0FDE8B8}.Release|Any CPU.Build.0 = Release|Any CPU
		{30EC535F-2E2D-4E2A-9644-7667F003A607}.Debug|Any CPU.ActiveCfg = Debug|Any CPU
		{30EC535F-2E2D-4E2A-9644-7667F003A607}.Debug|Any CPU.Build.0 = Debug|Any CPU
		{30EC535F-2E2D-4E2A-9644-7667F003A607}.Release|Any CPU.ActiveCfg = Release|Any CPU
		{30EC535F-2E2D-4E2A-9644-7667F003A607}.Release|Any CPU.Build.0 = Release|Any CPU
		{14CDB4E0-68DE-41AC-BE70-8B894119A3E6}.Debug|Any CPU.ActiveCfg = Debug|Any CPU
		{14CDB4E0-68DE-41AC-BE70-8B894119A3E6}.Debug|Any CPU.Build.0 = Debug|Any CPU
		{14CDB4E0-68DE-41AC-BE70-8B894119A3E6}.Release|Any CPU.ActiveCfg = Release|Any CPU
		{14CDB4E0-68DE-41AC-BE70-8B894119A3E6}.Release|Any CPU.Build.0 = Release|Any CPU
		{C58FA92B-6EAE-4BE9-9044-626A2513CCBE}.Debug|Any CPU.ActiveCfg = Debug|Any CPU
		{C58FA92B-6EAE-4BE9-9044-626A2513CCBE}.Debug|Any CPU.Build.0 = Debug|Any CPU
		{C58FA92B-6EAE-4BE9-9044-626A2513CCBE}.Release|Any CPU.ActiveCfg = Release|Any CPU
		{C58FA92B-6EAE-4BE9-9044-626A2513CCBE}.Release|Any CPU.Build.0 = Release|Any CPU
		{048C78A9-4700-47F0-910D-0A21C3A2963D}.Debug|Any CPU.ActiveCfg = Debug|Any CPU
		{048C78A9-4700-47F0-910D-0A21C3A2963D}.Debug|Any CPU.Build.0 = Debug|Any CPU
		{048C78A9-4700-47F0-910D-0A21C3A2963D}.Release|Any CPU.ActiveCfg = Release|Any CPU
		{048C78A9-4700-47F0-910D-0A21C3A2963D}.Release|Any CPU.Build.0 = Release|Any CPU
	EndGlobalSection
	GlobalSection(SolutionProperties) = preSolution
		HideSolutionNode = FALSE
	EndGlobalSection
	GlobalSection(ExtensibilityGlobals) = postSolution
		SolutionGuid = {61F7FB11-1E47-470C-91E2-47F8143E1572}
	EndGlobalSection
EndGlobal
